// !$*UTF8*$!
{
	archiveVersion = 1;
	classes = {
	};
	objectVersion = 56;
	objects = {

/* Begin PBXBuildFile section */
		2E17F39E2C1956E900C388D0 /* AppDelegate.swift in Sources */ = {isa = PBXBuildFile; fileRef = 2E17F39D2C1956E900C388D0 /* AppDelegate.swift */; };
		2E17F3A02C1956E900C388D0 /* SceneDelegate.swift in Sources */ = {isa = PBXBuildFile; fileRef = 2E17F39F2C1956E900C388D0 /* SceneDelegate.swift */; };
		2E17F3A22C1956E900C388D0 /* ViewController.swift in Sources */ = {isa = PBXBuildFile; fileRef = 2E17F3A12C1956E900C388D0 /* ViewController.swift */; };
		2E17F3A52C1956E900C388D0 /* Base in Resources */ = {isa = PBXBuildFile; fileRef = 2E17F3A42C1956E900C388D0 /* Base */; };
		2E17F3A72C1956EC00C388D0 /* Assets.xcassets in Resources */ = {isa = PBXBuildFile; fileRef = 2E17F3A62C1956EC00C388D0 /* Assets.xcassets */; };
		2E17F3AA2C1956EC00C388D0 /* Base in Resources */ = {isa = PBXBuildFile; fileRef = 2E17F3A92C1956EC00C388D0 /* Base */; };
		2E17F3B52C1956EC00C388D0 /* CounterTests.swift in Sources */ = {isa = PBXBuildFile; fileRef = 2E17F3B42C1956EC00C388D0 /* CounterTests.swift */; };
		2E17F3BF2C1956EC00C388D0 /* CounterUITests.swift in Sources */ = {isa = PBXBuildFile; fileRef = 2E17F3BE2C1956EC00C388D0 /* CounterUITests.swift */; };
		2E17F3C12C1956EC00C388D0 /* CounterUITestsLaunchTests.swift in Sources */ = {isa = PBXBuildFile; fileRef = 2E17F3C02C1956EC00C388D0 /* CounterUITestsLaunchTests.swift */; };
/* End PBXBuildFile section */

/* Begin PBXContainerItemProxy section */
		2E17F3B12C1956EC00C388D0 /* PBXContainerItemProxy */ = {
			isa = PBXContainerItemProxy;
			containerPortal = 2E17F3922C1956E900C388D0 /* Project object */;
			proxyType = 1;
			remoteGlobalIDString = 2E17F3992C1956E900C388D0;
			remoteInfo = Counter;
		};
		2E17F3BB2C1956EC00C388D0 /* PBXContainerItemProxy */ = {
			isa = PBXContainerItemProxy;
			containerPortal = 2E17F3922C1956E900C388D0 /* Project object */;
			proxyType = 1;
			remoteGlobalIDString = 2E17F3992C1956E900C388D0;
			remoteInfo = Counter;
		};
/* End PBXContainerItemProxy section */

/* Begin PBXFileReference section */
		2E17F39A2C1956E900C388D0 /* Counter.app */ = {isa = PBXFileReference; explicitFileType = wrapper.application; includeInIndex = 0; path = Counter.app; sourceTree = BUILT_PRODUCTS_DIR; };
		2E17F39D2C1956E900C388D0 /* AppDelegate.swift */ = {isa = PBXFileReference; lastKnownFileType = sourcecode.swift; path = AppDelegate.swift; sourceTree = "<group>"; };
		2E17F39F2C1956E900C388D0 /* SceneDelegate.swift */ = {isa = PBXFileReference; lastKnownFileType = sourcecode.swift; path = SceneDelegate.swift; sourceTree = "<group>"; };
		2E17F3A12C1956E900C388D0 /* ViewController.swift */ = {isa = PBXFileReference; lastKnownFileType = sourcecode.swift; path = ViewController.swift; sourceTree = "<group>"; };
		2E17F3A42C1956E900C388D0 /* Base */ = {isa = PBXFileReference; lastKnownFileType = file.storyboard; name = Base; path = Base.lproj/Main.storyboard; sourceTree = "<group>"; };
		2E17F3A62C1956EC00C388D0 /* Assets.xcassets */ = {isa = PBXFileReference; lastKnownFileType = folder.assetcatalog; path = Assets.xcassets; sourceTree = "<group>"; };
		2E17F3A92C1956EC00C388D0 /* Base */ = {isa = PBXFileReference; lastKnownFileType = file.storyboard; name = Base; path = Base.lproj/LaunchScreen.storyboard; sourceTree = "<group>"; };
		2E17F3AB2C1956EC00C388D0 /* Info.plist */ = {isa = PBXFileReference; lastKnownFileType = text.plist.xml; path = Info.plist; sourceTree = "<group>"; };
		2E17F3B02C1956EC00C388D0 /* CounterTests.xctest */ = {isa = PBXFileReference; explicitFileType = wrapper.cfbundle; includeInIndex = 0; path = CounterTests.xctest; sourceTree = BUILT_PRODUCTS_DIR; };
		2E17F3B42C1956EC00C388D0 /* CounterTests.swift */ = {isa = PBXFileReference; lastKnownFileType = sourcecode.swift; path = CounterTests.swift; sourceTree = "<group>"; };
		2E17F3BA2C1956EC00C388D0 /* CounterUITests.xctest */ = {isa = PBXFileReference; explicitFileType = wrapper.cfbundle; includeInIndex = 0; path = CounterUITests.xctest; sourceTree = BUILT_PRODUCTS_DIR; };
		2E17F3BE2C1956EC00C388D0 /* CounterUITests.swift */ = {isa = PBXFileReference; lastKnownFileType = sourcecode.swift; path = CounterUITests.swift; sourceTree = "<group>"; };
		2E17F3C02C1956EC00C388D0 /* CounterUITestsLaunchTests.swift */ = {isa = PBXFileReference; lastKnownFileType = sourcecode.swift; path = CounterUITestsLaunchTests.swift; sourceTree = "<group>"; };
/* End PBXFileReference section */

/* Begin PBXFrameworksBuildPhase section */
		2E17F3972C1956E900C388D0 /* Frameworks */ = {
			isa = PBXFrameworksBuildPhase;
			buildActionMask = 2147483647;
			files = (
			);
			runOnlyForDeploymentPostprocessing = 0;
		};
		2E17F3AD2C1956EC00C388D0 /* Frameworks */ = {
			isa = PBXFrameworksBuildPhase;
			buildActionMask = 2147483647;
			files = (
			);
			runOnlyForDeploymentPostprocessing = 0;
		};
		2E17F3B72C1956EC00C388D0 /* Frameworks */ = {
			isa = PBXFrameworksBuildPhase;
			buildActionMask = 2147483647;
			files = (
			);
			runOnlyForDeploymentPostprocessing = 0;
		};
/* End PBXFrameworksBuildPhase section */

/* Begin PBXGroup section */
		2E17F3912C1956E900C388D0 = {
			isa = PBXGroup;
			children = (
				2E17F39C2C1956E900C388D0 /* Counter */,
				2E17F3B32C1956EC00C388D0 /* CounterTests */,
				2E17F3BD2C1956EC00C388D0 /* CounterUITests */,
				2E17F39B2C1956E900C388D0 /* Products */,
			);
			sourceTree = "<group>";
		};
		2E17F39B2C1956E900C388D0 /* Products */ = {
			isa = PBXGroup;
			children = (
				2E17F39A2C1956E900C388D0 /* Counter.app */,
				2E17F3B02C1956EC00C388D0 /* CounterTests.xctest */,
				2E17F3BA2C1956EC00C388D0 /* CounterUITests.xctest */,
			);
			name = Products;
			sourceTree = "<group>";
		};
		2E17F39C2C1956E900C388D0 /* Counter */ = {
			isa = PBXGroup;
			children = (
				2E17F39D2C1956E900C388D0 /* AppDelegate.swift */,
				2E17F39F2C1956E900C388D0 /* SceneDelegate.swift */,
				2E17F3A12C1956E900C388D0 /* ViewController.swift */,
				2E17F3A32C1956E900C388D0 /* Main.storyboard */,
				2E17F3A62C1956EC00C388D0 /* Assets.xcassets */,
				2E17F3A82C1956EC00C388D0 /* LaunchScreen.storyboard */,
				2E17F3AB2C1956EC00C388D0 /* Info.plist */,
			);
			path = Counter;
			sourceTree = "<group>";
		};
		2E17F3B32C1956EC00C388D0 /* CounterTests */ = {
			isa = PBXGroup;
			children = (
				2E17F3B42C1956EC00C388D0 /* CounterTests.swift */,
			);
			path = CounterTests;
			sourceTree = "<group>";
		};
		2E17F3BD2C1956EC00C388D0 /* CounterUITests */ = {
			isa = PBXGroup;
			children = (
				2E17F3BE2C1956EC00C388D0 /* CounterUITests.swift */,
				2E17F3C02C1956EC00C388D0 /* CounterUITestsLaunchTests.swift */,
			);
			path = CounterUITests;
			sourceTree = "<group>";
		};
/* End PBXGroup section */

/* Begin PBXNativeTarget section */
		2E17F3992C1956E900C388D0 /* Counter */ = {
			isa = PBXNativeTarget;
			buildConfigurationList = 2E17F3C42C1956EC00C388D0 /* Build configuration list for PBXNativeTarget "Counter" */;
			buildPhases = (
				2E17F3962C1956E900C388D0 /* Sources */,
				2E17F3972C1956E900C388D0 /* Frameworks */,
				2E17F3982C1956E900C388D0 /* Resources */,
			);
			buildRules = (
			);
			dependencies = (
			);
			name = Counter;
			productName = Counter;
			productReference = 2E17F39A2C1956E900C388D0 /* Counter.app */;
			productType = "com.apple.product-type.application";
		};
		2E17F3AF2C1956EC00C388D0 /* CounterTests */ = {
			isa = PBXNativeTarget;
			buildConfigurationList = 2E17F3C72C1956EC00C388D0 /* Build configuration list for PBXNativeTarget "CounterTests" */;
			buildPhases = (
				2E17F3AC2C1956EC00C388D0 /* Sources */,
				2E17F3AD2C1956EC00C388D0 /* Frameworks */,
				2E17F3AE2C1956EC00C388D0 /* Resources */,
			);
			buildRules = (
			);
			dependencies = (
				2E17F3B22C1956EC00C388D0 /* PBXTargetDependency */,
			);
			name = CounterTests;
			productName = CounterTests;
			productReference = 2E17F3B02C1956EC00C388D0 /* CounterTests.xctest */;
			productType = "com.apple.product-type.bundle.unit-test";
		};
		2E17F3B92C1956EC00C388D0 /* CounterUITests */ = {
			isa = PBXNativeTarget;
			buildConfigurationList = 2E17F3CA2C1956EC00C388D0 /* Build configuration list for PBXNativeTarget "CounterUITests" */;
			buildPhases = (
				2E17F3B62C1956EC00C388D0 /* Sources */,
				2E17F3B72C1956EC00C388D0 /* Frameworks */,
				2E17F3B82C1956EC00C388D0 /* Resources */,
			);
			buildRules = (
			);
			dependencies = (
				2E17F3BC2C1956EC00C388D0 /* PBXTargetDependency */,
			);
			name = CounterUITests;
			productName = CounterUITests;
			productReference = 2E17F3BA2C1956EC00C388D0 /* CounterUITests.xctest */;
			productType = "com.apple.product-type.bundle.ui-testing";
		};
/* End PBXNativeTarget section */

/* Begin PBXProject section */
		2E17F3922C1956E900C388D0 /* Project object */ = {
			isa = PBXProject;
			attributes = {
				BuildIndependentTargetsInParallel = 1;
				LastSwiftUpdateCheck = 1530;
				LastUpgradeCheck = 1530;
				TargetAttributes = {
					2E17F3992C1956E900C388D0 = {
						CreatedOnToolsVersion = 15.3;
					};
					2E17F3AF2C1956EC00C388D0 = {
						CreatedOnToolsVersion = 15.3;
						TestTargetID = 2E17F3992C1956E900C388D0;
					};
					2E17F3B92C1956EC00C388D0 = {
						CreatedOnToolsVersion = 15.3;
						TestTargetID = 2E17F3992C1956E900C388D0;
					};
				};
			};
			buildConfigurationList = 2E17F3952C1956E900C388D0 /* Build configuration list for PBXProject "Counter" */;
			compatibilityVersion = "Xcode 14.0";
			developmentRegion = en;
			hasScannedForEncodings = 0;
			knownRegions = (
				en,
				Base,
			);
			mainGroup = 2E17F3912C1956E900C388D0;
			productRefGroup = 2E17F39B2C1956E900C388D0 /* Products */;
			projectDirPath = "";
			projectRoot = "";
			targets = (
				2E17F3992C1956E900C388D0 /* Counter */,
				2E17F3AF2C1956EC00C388D0 /* CounterTests */,
				2E17F3B92C1956EC00C388D0 /* CounterUITests */,
			);
		};
/* End PBXProject section */

/* Begin PBXResourcesBuildPhase section */
		2E17F3982C1956E900C388D0 /* Resources */ = {
			isa = PBXResourcesBuildPhase;
			buildActionMask = 2147483647;
			files = (
				2E17F3A72C1956EC00C388D0 /* Assets.xcassets in Resources */,
				2E17F3AA2C1956EC00C388D0 /* Base in Resources */,
				2E17F3A52C1956E900C388D0 /* Base in Resources */,
			);
			runOnlyForDeploymentPostprocessing = 0;
		};
		2E17F3AE2C1956EC00C388D0 /* Resources */ = {
			isa = PBXResourcesBuildPhase;
			buildActionMask = 2147483647;
			files = (
			);
			runOnlyForDeploymentPostprocessing = 0;
		};
		2E17F3B82C1956EC00C388D0 /* Resources */ = {
			isa = PBXResourcesBuildPhase;
			buildActionMask = 2147483647;
			files = (
			);
			runOnlyForDeploymentPostprocessing = 0;
		};
/* End PBXResourcesBuildPhase section */

/* Begin PBXSourcesBuildPhase section */
		2E17F3962C1956E900C388D0 /* Sources */ = {
			isa = PBXSourcesBuildPhase;
			buildActionMask = 2147483647;
			files = (
				2E17F3A22C1956E900C388D0 /* ViewController.swift in Sources */,
				2E17F39E2C1956E900C388D0 /* AppDelegate.swift in Sources */,
				2E17F3A02C1956E900C388D0 /* SceneDelegate.swift in Sources */,
			);
			runOnlyForDeploymentPostprocessing = 0;
		};
		2E17F3AC2C1956EC00C388D0 /* Sources */ = {
			isa = PBXSourcesBuildPhase;
			buildActionMask = 2147483647;
			files = (
				2E17F3B52C1956EC00C388D0 /* CounterTests.swift in Sources */,
			);
			runOnlyForDeploymentPostprocessing = 0;
		};
		2E17F3B62C1956EC00C388D0 /* Sources */ = {
			isa = PBXSourcesBuildPhase;
			buildActionMask = 2147483647;
			files = (
				2E17F3BF2C1956EC00C388D0 /* CounterUITests.swift in Sources */,
				2E17F3C12C1956EC00C388D0 /* CounterUITestsLaunchTests.swift in Sources */,
			);
			runOnlyForDeploymentPostprocessing = 0;
		};
/* End PBXSourcesBuildPhase section */

/* Begin PBXTargetDependency section */
		2E17F3B22C1956EC00C388D0 /* PBXTargetDependency */ = {
			isa = PBXTargetDependency;
			target = 2E17F3992C1956E900C388D0 /* Counter */;
			targetProxy = 2E17F3B12C1956EC00C388D0 /* PBXContainerItemProxy */;
		};
		2E17F3BC2C1956EC00C388D0 /* PBXTargetDependency */ = {
			isa = PBXTargetDependency;
			target = 2E17F3992C1956E900C388D0 /* Counter */;
			targetProxy = 2E17F3BB2C1956EC00C388D0 /* PBXContainerItemProxy */;
		};
/* End PBXTargetDependency section */

/* Begin PBXVariantGroup section */
		2E17F3A32C1956E900C388D0 /* Main.storyboard */ = {
			isa = PBXVariantGroup;
			children = (
				2E17F3A42C1956E900C388D0 /* Base */,
			);
			name = Main.storyboard;
			sourceTree = "<group>";
		};
		2E17F3A82C1956EC00C388D0 /* LaunchScreen.storyboard */ = {
			isa = PBXVariantGroup;
			children = (
				2E17F3A92C1956EC00C388D0 /* Base */,
			);
			name = LaunchScreen.storyboard;
			sourceTree = "<group>";
		};
/* End PBXVariantGroup section */

/* Begin XCBuildConfiguration section */
		2E17F3C22C1956EC00C388D0 /* Debug */ = {
			isa = XCBuildConfiguration;
			buildSettings = {
				ALWAYS_SEARCH_USER_PATHS = NO;
				ASSETCATALOG_COMPILER_GENERATE_SWIFT_ASSET_SYMBOL_EXTENSIONS = YES;
				CLANG_ANALYZER_NONNULL = YES;
				CLANG_ANALYZER_NUMBER_OBJECT_CONVERSION = YES_AGGRESSIVE;
				CLANG_CXX_LANGUAGE_STANDARD = "gnu++20";
				CLANG_ENABLE_MODULES = YES;
				CLANG_ENABLE_OBJC_ARC = YES;
				CLANG_ENABLE_OBJC_WEAK = YES;
				CLANG_WARN_BLOCK_CAPTURE_AUTORELEASING = YES;
				CLANG_WARN_BOOL_CONVERSION = YES;
				CLANG_WARN_COMMA = YES;
				CLANG_WARN_CONSTANT_CONVERSION = YES;
				CLANG_WARN_DEPRECATED_OBJC_IMPLEMENTATIONS = YES;
				CLANG_WARN_DIRECT_OBJC_ISA_USAGE = YES_ERROR;
				CLANG_WARN_DOCUMENTATION_COMMENTS = YES;
				CLANG_WARN_EMPTY_BODY = YES;
				CLANG_WARN_ENUM_CONVERSION = YES;
				CLANG_WARN_INFINITE_RECURSION = YES;
				CLANG_WARN_INT_CONVERSION = YES;
				CLANG_WARN_NON_LITERAL_NULL_CONVERSION = YES;
				CLANG_WARN_OBJC_IMPLICIT_RETAIN_SELF = YES;
				CLANG_WARN_OBJC_LITERAL_CONVERSION = YES;
				CLANG_WARN_OBJC_ROOT_CLASS = YES_ERROR;
				CLANG_WARN_QUOTED_INCLUDE_IN_FRAMEWORK_HEADER = YES;
				CLANG_WARN_RANGE_LOOP_ANALYSIS = YES;
				CLANG_WARN_STRICT_PROTOTYPES = YES;
				CLANG_WARN_SUSPICIOUS_MOVE = YES;
				CLANG_WARN_UNGUARDED_AVAILABILITY = YES_AGGRESSIVE;
				CLANG_WARN_UNREACHABLE_CODE = YES;
				CLANG_WARN__DUPLICATE_METHOD_MATCH = YES;
				COPY_PHASE_STRIP = NO;
				DEBUG_INFORMATION_FORMAT = dwarf;
				ENABLE_STRICT_OBJC_MSGSEND = YES;
				ENABLE_TESTABILITY = YES;
				ENABLE_USER_SCRIPT_SANDBOXING = YES;
				GCC_C_LANGUAGE_STANDARD = gnu17;
				GCC_DYNAMIC_NO_PIC = NO;
				GCC_NO_COMMON_BLOCKS = YES;
				GCC_OPTIMIZATION_LEVEL = 0;
				GCC_PREPROCESSOR_DEFINITIONS = (
					"DEBUG=1",
					"$(inherited)",
				);
				GCC_WARN_64_TO_32_BIT_CONVERSION = YES;
				GCC_WARN_ABOUT_RETURN_TYPE = YES_ERROR;
				GCC_WARN_UNDECLARED_SELECTOR = YES;
				GCC_WARN_UNINITIALIZED_AUTOS = YES_AGGRESSIVE;
				GCC_WARN_UNUSED_FUNCTION = YES;
				GCC_WARN_UNUSED_VARIABLE = YES;
				IPHONEOS_DEPLOYMENT_TARGET = 17.4;
				LOCALIZATION_PREFERS_STRING_CATALOGS = YES;
				MTL_ENABLE_DEBUG_INFO = INCLUDE_SOURCE;
				MTL_FAST_MATH = YES;
				ONLY_ACTIVE_ARCH = YES;
				SDKROOT = iphoneos;
				SWIFT_ACTIVE_COMPILATION_CONDITIONS = "DEBUG $(inherited)";
				SWIFT_OPTIMIZATION_LEVEL = "-Onone";
			};
			name = Debug;
		};
		2E17F3C32C1956EC00C388D0 /* Release */ = {
			isa = XCBuildConfiguration;
			buildSettings = {
				ALWAYS_SEARCH_USER_PATHS = NO;
				ASSETCATALOG_COMPILER_GENERATE_SWIFT_ASSET_SYMBOL_EXTENSIONS = YES;
				CLANG_ANALYZER_NONNULL = YES;
				CLANG_ANALYZER_NUMBER_OBJECT_CONVERSION = YES_AGGRESSIVE;
				CLANG_CXX_LANGUAGE_STANDARD = "gnu++20";
				CLANG_ENABLE_MODULES = YES;
				CLANG_ENABLE_OBJC_ARC = YES;
				CLANG_ENABLE_OBJC_WEAK = YES;
				CLANG_WARN_BLOCK_CAPTURE_AUTORELEASING = YES;
				CLANG_WARN_BOOL_CONVERSION = YES;
				CLANG_WARN_COMMA = YES;
				CLANG_WARN_CONSTANT_CONVERSION = YES;
				CLANG_WARN_DEPRECATED_OBJC_IMPLEMENTATIONS = YES;
				CLANG_WARN_DIRECT_OBJC_ISA_USAGE = YES_ERROR;
				CLANG_WARN_DOCUMENTATION_COMMENTS = YES;
				CLANG_WARN_EMPTY_BODY = YES;
				CLANG_WARN_ENUM_CONVERSION = YES;
				CLANG_WARN_INFINITE_RECURSION = YES;
				CLANG_WARN_INT_CONVERSION = YES;
				CLANG_WARN_NON_LITERAL_NULL_CONVERSION = YES;
				CLANG_WARN_OBJC_IMPLICIT_RETAIN_SELF = YES;
				CLANG_WARN_OBJC_LITERAL_CONVERSION = YES;
				CLANG_WARN_OBJC_ROOT_CLASS = YES_ERROR;
				CLANG_WARN_QUOTED_INCLUDE_IN_FRAMEWORK_HEADER = YES;
				CLANG_WARN_RANGE_LOOP_ANALYSIS = YES;
				CLANG_WARN_STRICT_PROTOTYPES = YES;
				CLANG_WARN_SUSPICIOUS_MOVE = YES;
				CLANG_WARN_UNGUARDED_AVAILABILITY = YES_AGGRESSIVE;
				CLANG_WARN_UNREACHABLE_CODE = YES;
				CLANG_WARN__DUPLICATE_METHOD_MATCH = YES;
				COPY_PHASE_STRIP = NO;
				DEBUG_INFORMATION_FORMAT = "dwarf-with-dsym";
				ENABLE_NS_ASSERTIONS = NO;
				ENABLE_STRICT_OBJC_MSGSEND = YES;
				ENABLE_USER_SCRIPT_SANDBOXING = YES;
				GCC_C_LANGUAGE_STANDARD = gnu17;
				GCC_NO_COMMON_BLOCKS = YES;
				GCC_WARN_64_TO_32_BIT_CONVERSION = YES;
				GCC_WARN_ABOUT_RETURN_TYPE = YES_ERROR;
				GCC_WARN_UNDECLARED_SELECTOR = YES;
				GCC_WARN_UNINITIALIZED_AUTOS = YES_AGGRESSIVE;
				GCC_WARN_UNUSED_FUNCTION = YES;
				GCC_WARN_UNUSED_VARIABLE = YES;
				IPHONEOS_DEPLOYMENT_TARGET = 17.4;
				LOCALIZATION_PREFERS_STRING_CATALOGS = YES;
				MTL_ENABLE_DEBUG_INFO = NO;
				MTL_FAST_MATH = YES;
				SDKROOT = iphoneos;
				SWIFT_COMPILATION_MODE = wholemodule;
				VALIDATE_PRODUCT = YES;
			};
			name = Release;
		};
		2E17F3C52C1956EC00C388D0 /* Debug */ = {
			isa = XCBuildConfiguration;
			buildSettings = {
				ASSETCATALOG_COMPILER_APPICON_NAME = AppIcon;
				ASSETCATALOG_COMPILER_GLOBAL_ACCENT_COLOR_NAME = AccentColor;
				CODE_SIGN_STYLE = Automatic;
				CURRENT_PROJECT_VERSION = 1;
				GENERATE_INFOPLIST_FILE = YES;
				INFOPLIST_FILE = Counter/Info.plist;
				INFOPLIST_KEY_UIApplicationSupportsIndirectInputEvents = YES;
				INFOPLIST_KEY_UILaunchStoryboardName = LaunchScreen;
				INFOPLIST_KEY_UIMainStoryboardFile = Main;
				INFOPLIST_KEY_UISupportedInterfaceOrientations_iPad = "UIInterfaceOrientationPortrait UIInterfaceOrientationPortraitUpsideDown UIInterfaceOrientationLandscapeLeft UIInterfaceOrientationLandscapeRight";
				INFOPLIST_KEY_UISupportedInterfaceOrientations_iPhone = "UIInterfaceOrientationPortrait UIInterfaceOrientationLandscapeLeft UIInterfaceOrientationLandscapeRight";
				LD_RUNPATH_SEARCH_PATHS = (
					"$(inherited)",
					"@executable_path/Frameworks",
				);
				MARKETING_VERSION = 1.0;
				PRODUCT_BUNDLE_IDENTIFIER = test.Counter;
				PRODUCT_NAME = "$(TARGET_NAME)";
				SWIFT_EMIT_LOC_STRINGS = YES;
				SWIFT_VERSION = 5.0;
				TARGETED_DEVICE_FAMILY = "1,2";
			};
			name = Debug;
		};
		2E17F3C62C1956EC00C388D0 /* Release */ = {
			isa = XCBuildConfiguration;
			buildSettings = {
				ASSETCATALOG_COMPILER_APPICON_NAME = AppIcon;
				ASSETCATALOG_COMPILER_GLOBAL_ACCENT_COLOR_NAME = AccentColor;
				CODE_SIGN_STYLE = Automatic;
				CURRENT_PROJECT_VERSION = 1;
				GENERATE_INFOPLIST_FILE = YES;
				INFOPLIST_FILE = Counter/Info.plist;
				INFOPLIST_KEY_UIApplicationSupportsIndirectInputEvents = YES;
				INFOPLIST_KEY_UILaunchStoryboardName = LaunchScreen;
				INFOPLIST_KEY_UIMainStoryboardFile = Main;
				INFOPLIST_KEY_UISupportedInterfaceOrientations_iPad = "UIInterfaceOrientationPortrait UIInterfaceOrientationPortraitUpsideDown UIInterfaceOrientationLandscapeLeft UIInterfaceOrientationLandscapeRight";
				INFOPLIST_KEY_UISupportedInterfaceOrientations_iPhone = "UIInterfaceOrientationPortrait UIInterfaceOrientationLandscapeLeft UIInterfaceOrientationLandscapeRight";
				LD_RUNPATH_SEARCH_PATHS = (
					"$(inherited)",
					"@executable_path/Frameworks",
				);
				MARKETING_VERSION = 1.0;
				PRODUCT_BUNDLE_IDENTIFIER = test.Counter;
				PRODUCT_NAME = "$(TARGET_NAME)";
				SWIFT_EMIT_LOC_STRINGS = YES;
				SWIFT_VERSION = 5.0;
				TARGETED_DEVICE_FAMILY = "1,2";
			};
			name = Release;
		};
		2E17F3C82C1956EC00C388D0 /* Debug */ = {
			isa = XCBuildConfiguration;
			buildSettings = {
				ALWAYS_EMBED_SWIFT_STANDARD_LIBRARIES = YES;
				BUNDLE_LOADER = "$(TEST_HOST)";
				CODE_SIGN_STYLE = Automatic;
				CURRENT_PROJECT_VERSION = 1;
				GENERATE_INFOPLIST_FILE = YES;
				IPHONEOS_DEPLOYMENT_TARGET = 17.4;
				MARKETING_VERSION = 1.0;
				PRODUCT_BUNDLE_IDENTIFIER = test.CounterTests;
				PRODUCT_NAME = "$(TARGET_NAME)";
				SWIFT_EMIT_LOC_STRINGS = NO;
				SWIFT_VERSION = 5.0;
				TARGETED_DEVICE_FAMILY = "1,2";
				TEST_HOST = "$(BUILT_PRODUCTS_DIR)/Counter.app/$(BUNDLE_EXECUTABLE_FOLDER_PATH)/Counter";
			};
			name = Debug;
		};
		2E17F3C92C1956EC00C388D0 /* Release */ = {
			isa = XCBuildConfiguration;
			buildSettings = {
				ALWAYS_EMBED_SWIFT_STANDARD_LIBRARIES = YES;
				BUNDLE_LOADER = "$(TEST_HOST)";
				CODE_SIGN_STYLE = Automatic;
				CURRENT_PROJECT_VERSION = 1;
				GENERATE_INFOPLIST_FILE = YES;
				IPHONEOS_DEPLOYMENT_TARGET = 17.4;
				MARKETING_VERSION = 1.0;
				PRODUCT_BUNDLE_IDENTIFIER = test.CounterTests;
				PRODUCT_NAME = "$(TARGET_NAME)";
				SWIFT_EMIT_LOC_STRINGS = NO;
				SWIFT_VERSION = 5.0;
				TARGETED_DEVICE_FAMILY = "1,2";
				TEST_HOST = "$(BUILT_PRODUCTS_DIR)/Counter.app/$(BUNDLE_EXECUTABLE_FOLDER_PATH)/Counter";
			};
			name = Release;
		};
		2E17F3CB2C1956EC00C388D0 /* Debug */ = {
			isa = XCBuildConfiguration;
			buildSettings = {
				ALWAYS_EMBED_SWIFT_STANDARD_LIBRARIES = YES;
				CODE_SIGN_STYLE = Automatic;
				CURRENT_PROJECT_VERSION = 1;
				GENERATE_INFOPLIST_FILE = YES;
				MARKETING_VERSION = 1.0;
				PRODUCT_BUNDLE_IDENTIFIER = test.CounterUITests;
				PRODUCT_NAME = "$(TARGET_NAME)";
				SWIFT_EMIT_LOC_STRINGS = NO;
				SWIFT_VERSION = 5.0;
				TARGETED_DEVICE_FAMILY = "1,2";
				TEST_TARGET_NAME = Counter;
			};
			name = Debug;
		};
		2E17F3CC2C1956EC00C388D0 /* Release */ = {
			isa = XCBuildConfiguration;
			buildSettings = {
				ALWAYS_EMBED_SWIFT_STANDARD_LIBRARIES = YES;
				CODE_SIGN_STYLE = Automatic;
				CURRENT_PROJECT_VERSION = 1;
				GENERATE_INFOPLIST_FILE = YES;
				MARKETING_VERSION = 1.0;
				PRODUCT_BUNDLE_IDENTIFIER = test.CounterUITests;
				PRODUCT_NAME = "$(TARGET_NAME)";
				SWIFT_EMIT_LOC_STRINGS = NO;
				SWIFT_VERSION = 5.0;
				TARGETED_DEVICE_FAMILY = "1,2";
				TEST_TARGET_NAME = Counter;
			};
			name = Release;
		};
/* End XCBuildConfiguration section */

/* Begin XCConfigurationList section */
		2E17F3952C1956E900C388D0 /* Build configuration list for PBXProject "Counter" */ = {
			isa = XCConfigurationList;
			buildConfigurations = (
				2E17F3C22C1956EC00C388D0 /* Debug */,
				2E17F3C32C1956EC00C388D0 /* Release */,
			);
			defaultConfigurationIsVisible = 0;
			defaultConfigurationName = Release;
		};
		2E17F3C42C1956EC00C388D0 /* Build configuration list for PBXNativeTarget "Counter" */ = {
			isa = XCConfigurationList;
			buildConfigurations = (
				2E17F3C52C1956EC00C388D0 /* Debug */,
				2E17F3C62C1956EC00C388D0 /* Release */,
			);
			defaultConfigurationIsVisible = 0;
			defaultConfigurationName = Release;
		};
		2E17F3C72C1956EC00C388D0 /* Build configuration list for PBXNativeTarget "CounterTests" */ = {
			isa = XCConfigurationList;
			buildConfigurations = (
				2E17F3C82C1956EC00C388D0 /* Debug */,
				2E17F3C92C1956EC00C388D0 /* Release */,
			);
			defaultConfigurationIsVisible = 0;
			defaultConfigurationName = Release;
		};
		2E17F3CA2C1956EC00C388D0 /* Build configuration list for PBXNativeTarget "CounterUITests" */ = {
			isa = XCConfigurationList;
			buildConfigurations = (
				2E17F3CB2C1956EC00C388D0 /* Debug */,
				2E17F3CC2C1956EC00C388D0 /* Release */,
			);
			defaultConfigurationIsVisible = 0;
			defaultConfigurationName = Release;
		};
/* End XCConfigurationList section */
	};
	rootObject = 2E17F3922C1956E900C388D0 /* Project object */;
}
